
Microsoft Visual Studio Solution File, Format Version 12.00
# Visual Studio Version 16
VisualStudioVersion = 16.0.30011.22
MinimumVisualStudioVersion = 10.0.40219.1
Project("{FAE04EC0-301F-11D3-BF4B-00C04F79EFBC}") = "Ultimo Proyecto", "Ultimo Proyecto\Ultimo Proyecto.csproj", "{38AA54ED-A882-43BC-A78D-116E10720D28}"
EndProject
Global
	GlobalSection(SolutionConfigurationPlatforms) = preSolution
		Debug|Any CPU = Debug|Any CPU
		Release|Any CPU = Release|Any CPU
	EndGlobalSection
	GlobalSection(ProjectConfigurationPlatforms) = postSolution
		{38AA54ED-A882-43BC-A78D-116E10720D28}.Debug|Any CPU.ActiveCfg = Debug|Any CPU
		{38AA54ED-A882-43BC-A78D-116E10720D28}.Debug|Any CPU.Build.0 = Debug|Any CPU
		{38AA54ED-A882-43BC-A78D-116E10720D28}.Release|Any CPU.ActiveCfg = Release|Any CPU
		{38AA54ED-A882-43BC-A78D-116E10720D28}.Release|Any CPU.Build.0 = Release|Any CPU
	EndGlobalSection
	GlobalSection(SolutionProperties) = preSolution
		HideSolutionNode = FALSE
	EndGlobalSection
	GlobalSection(ExtensibilityGlobals) = postSolution
		SolutionGuid = {877CC401-9782-4762-B72F-A94982C8B8CC}
	EndGlobalSection
EndGlobal
